
Microsoft Visual Studio Solution File, Format Version 12.00
# Visual Studio Version 17
VisualStudioVersion = 17.0.31903.59
MinimumVisualStudioVersion = 10.0.40219.1
Project("{FAE04EC0-301F-11D3-BF4B-00C04F79EFBC}") = "GMediator", "GMediator\GMediator.csproj", "{DEC89A40-ADDF-4F33-97AF-36E494E6AD31}"
EndProject
Project("{FAE04EC0-301F-11D3-BF4B-00C04F79EFBC}") = "MediatorTest", "MediatorTest\MediatorTest.csproj", "{640D12E8-91FD-4791-BF16-792F07EBD5C1}"
EndProject
Global
	GlobalSection(SolutionConfigurationPlatforms) = preSolution
		Debug|Any CPU = Debug|Any CPU
		Release|Any CPU = Release|Any CPU
	EndGlobalSection
	GlobalSection(SolutionProperties) = preSolution
		HideSolutionNode = FALSE
	EndGlobalSection
	GlobalSection(ProjectConfigurationPlatforms) = postSolution
		{DEC89A40-ADDF-4F33-97AF-36E494E6AD31}.Debug|Any CPU.ActiveCfg = Debug|Any CPU
		{DEC89A40-ADDF-4F33-97AF-36E494E6AD31}.Debug|Any CPU.Build.0 = Debug|Any CPU
		{DEC89A40-ADDF-4F33-97AF-36E494E6AD31}.Release|Any CPU.ActiveCfg = Release|Any CPU
		{DEC89A40-ADDF-4F33-97AF-36E494E6AD31}.Release|Any CPU.Build.0 = Release|Any CPU
		{640D12E8-91FD-4791-BF16-792F07EBD5C1}.Debug|Any CPU.ActiveCfg = Debug|Any CPU
		{640D12E8-91FD-4791-BF16-792F07EBD5C1}.Debug|Any CPU.Build.0 = Debug|Any CPU
		{640D12E8-91FD-4791-BF16-792F07EBD5C1}.Release|Any CPU.ActiveCfg = Release|Any CPU
		{640D12E8-91FD-4791-BF16-792F07EBD5C1}.Release|Any CPU.Build.0 = Release|Any CPU
	EndGlobalSection
EndGlobal
